// !$*UTF8*$!
{
	archiveVersion = 1;
	classes = {
	};
	objectVersion = 46;
	objects = {

/* Begin PBXBuildFile section */
		BEA7D06119D51B24002CEA99 /* AppDelegate.swift in Sources */ = {isa = PBXBuildFile; fileRef = BEA7D06019D51B24002CEA99 /* AppDelegate.swift */; };
		BEA7D06319D51B24002CEA99 /* ViewController.swift in Sources */ = {isa = PBXBuildFile; fileRef = BEA7D06219D51B24002CEA99 /* ViewController.swift */; };
		BEA7D06619D51B25002CEA99 /* Main.storyboard in Resources */ = {isa = PBXBuildFile; fileRef = BEA7D06419D51B25002CEA99 /* Main.storyboard */; };
		BEA7D06819D51B25002CEA99 /* Images.xcassets in Resources */ = {isa = PBXBuildFile; fileRef = BEA7D06719D51B25002CEA99 /* Images.xcassets */; };
		BEA7D07419D51B25002CEA99 /* PostcardTests.swift in Sources */ = {isa = PBXBuildFile; fileRef = BEA7D07319D51B25002CEA99 /* PostcardTests.swift */; };
		BEA7D07F19D521C6002CEA99 /* AlbertEinsteinStamp.jpg in Resources */ = {isa = PBXBuildFile; fileRef = BEA7D07D19D521C6002CEA99 /* AlbertEinsteinStamp.jpg */; };
		BEA7D08019D521C6002CEA99 /* SagradaFamilia.jpeg in Resources */ = {isa = PBXBuildFile; fileRef = BEA7D07E19D521C6002CEA99 /* SagradaFamilia.jpeg */; };
/* End PBXBuildFile section */

/* Begin PBXContainerItemProxy section */
		BEA7D06E19D51B25002CEA99 /* PBXContainerItemProxy */ = {
			isa = PBXContainerItemProxy;
			containerPortal = BEA7D05319D51B24002CEA99 /* Project object */;
			proxyType = 1;
			remoteGlobalIDString = BEA7D05A19D51B24002CEA99;
			remoteInfo = Postcard;
		};
/* End PBXContainerItemProxy section */

/* Begin PBXFileReference section */
		BEA7D05B19D51B24002CEA99 /* Postcard.app */ = {isa = PBXFileReference; explicitFileType = wrapper.application; includeInIndex = 0; path = Postcard.app; sourceTree = BUILT_PRODUCTS_DIR; };
		BEA7D05F19D51B24002CEA99 /* Info.plist */ = {isa = PBXFileReference; lastKnownFileType = text.plist.xml; path = Info.plist; sourceTree = "<group>"; };
		BEA7D06019D51B24002CEA99 /* AppDelegate.swift */ = {isa = PBXFileReference; lastKnownFileType = sourcecode.swift; path = AppDelegate.swift; sourceTree = "<group>"; };
		BEA7D06219D51B24002CEA99 /* ViewController.swift */ = {isa = PBXFileReference; lastKnownFileType = sourcecode.swift; path = ViewController.swift; sourceTree = "<group>"; };
		BEA7D06519D51B25002CEA99 /* Base */ = {isa = PBXFileReference; lastKnownFileType = file.storyboard; name = Base; path = Base.lproj/Main.storyboard; sourceTree = "<group>"; };
		BEA7D06719D51B25002CEA99 /* Images.xcassets */ = {isa = PBXFileReference; lastKnownFileType = folder.assetcatalog; path = Images.xcassets; sourceTree = "<group>"; };
		BEA7D06D19D51B25002CEA99 /* PostcardTests.xctest */ = {isa = PBXFileReference; explicitFileType = wrapper.cfbundle; includeInIndex = 0; path = PostcardTests.xctest; sourceTree = BUILT_PRODUCTS_DIR; };
		BEA7D07219D51B25002CEA99 /* Info.plist */ = {isa = PBXFileReference; lastKnownFileType = text.plist.xml; path = Info.plist; sourceTree = "<group>"; };
		BEA7D07319D51B25002CEA99 /* PostcardTests.swift */ = {isa = PBXFileReference; lastKnownFileType = sourcecode.swift; path = PostcardTests.swift; sourceTree = "<group>"; };
		BEA7D07D19D521C6002CEA99 /* AlbertEinsteinStamp.jpg */ = {isa = PBXFileReference; lastKnownFileType = image.jpeg; path = AlbertEinsteinStamp.jpg; sourceTree = "<group>"; };
		BEA7D07E19D521C6002CEA99 /* SagradaFamilia.jpeg */ = {isa = PBXFileReference; lastKnownFileType = image.jpeg; path = SagradaFamilia.jpeg; sourceTree = "<group>"; };
/* End PBXFileReference section */

/* Begin PBXFrameworksBuildPhase section */
		BEA7D05819D51B24002CEA99 /* Frameworks */ = {
			isa = PBXFrameworksBuildPhase;
			buildActionMask = 2147483647;
			files = (
			);
			runOnlyForDeploymentPostprocessing = 0;
		};
		BEA7D06A19D51B25002CEA99 /* Frameworks */ = {
			isa = PBXFrameworksBuildPhase;
			buildActionMask = 2147483647;
			files = (
			);
			runOnlyForDeploymentPostprocessing = 0;
		};
/* End PBXFrameworksBuildPhase section */

/* Begin PBXGroup section */
		BEA7D05219D51B24002CEA99 = {
			isa = PBXGroup;
			children = (
				BEA7D05D19D51B24002CEA99 /* Postcard */,
				BEA7D07019D51B25002CEA99 /* PostcardTests */,
				BEA7D05C19D51B24002CEA99 /* Products */,
			);
			sourceTree = "<group>";
		};
		BEA7D05C19D51B24002CEA99 /* Products */ = {
			isa = PBXGroup;
			children = (
				BEA7D05B19D51B24002CEA99 /* Postcard.app */,
				BEA7D06D19D51B25002CEA99 /* PostcardTests.xctest */,
			);
			name = Products;
			sourceTree = "<group>";
		};
		BEA7D05D19D51B24002CEA99 /* Postcard */ = {
			isa = PBXGroup;
			children = (
				BEA7D06019D51B24002CEA99 /* AppDelegate.swift */,
				BEA7D06219D51B24002CEA99 /* ViewController.swift */,
				BEA7D06419D51B25002CEA99 /* Main.storyboard */,
				BEA7D06719D51B25002CEA99 /* Images.xcassets */,
				BEA7D05E19D51B24002CEA99 /* Supporting Files */,
			);
			path = Postcard;
			sourceTree = "<group>";
		};
		BEA7D05E19D51B24002CEA99 /* Supporting Files */ = {
			isa = PBXGroup;
			children = (
				BEA7D07D19D521C6002CEA99 /* AlbertEinsteinStamp.jpg */,
				BEA7D07E19D521C6002CEA99 /* SagradaFamilia.jpeg */,
				BEA7D05F19D51B24002CEA99 /* Info.plist */,
			);
			name = "Supporting Files";
			sourceTree = "<group>";
		};
		BEA7D07019D51B25002CEA99 /* PostcardTests */ = {
			isa = PBXGroup;
			children = (
				BEA7D07319D51B25002CEA99 /* PostcardTests.swift */,
				BEA7D07119D51B25002CEA99 /* Supporting Files */,
			);
			path = PostcardTests;
			sourceTree = "<group>";
		};
		BEA7D07119D51B25002CEA99 /* Supporting Files */ = {
			isa = PBXGroup;
			children = (
				BEA7D07219D51B25002CEA99 /* Info.plist */,
			);
			name = "Supporting Files";
			sourceTree = "<group>";
		};
/* End PBXGroup section */

/* Begin PBXNativeTarget section */
		BEA7D05A19D51B24002CEA99 /* Postcard */ = {
			isa = PBXNativeTarget;
			buildConfigurationList = BEA7D07719D51B25002CEA99 /* Build configuration list for PBXNativeTarget "Postcard" */;
			buildPhases = (
				BEA7D05719D51B24002CEA99 /* Sources */,
				BEA7D05819D51B24002CEA99 /* Frameworks */,
				BEA7D05919D51B24002CEA99 /* Resources */,
			);
			buildRules = (
			);
			dependencies = (
			);
			name = Postcard;
			productName = Postcard;
			productReference = BEA7D05B19D51B24002CEA99 /* Postcard.app */;
			productType = "com.apple.product-type.application";
		};
		BEA7D06C19D51B25002CEA99 /* PostcardTests */ = {
			isa = PBXNativeTarget;
			buildConfigurationList = BEA7D07A19D51B25002CEA99 /* Build configuration list for PBXNativeTarget "PostcardTests" */;
			buildPhases = (
				BEA7D06919D51B25002CEA99 /* Sources */,
				BEA7D06A19D51B25002CEA99 /* Frameworks */,
				BEA7D06B19D51B25002CEA99 /* Resources */,
			);
			buildRules = (
			);
			dependencies = (
				BEA7D06F19D51B25002CEA99 /* PBXTargetDependency */,
			);
			name = PostcardTests;
			productName = PostcardTests;
			productReference = BEA7D06D19D51B25002CEA99 /* PostcardTests.xctest */;
			productType = "com.apple.product-type.bundle.unit-test";
		};
/* End PBXNativeTarget section */

/* Begin PBXProject section */
		BEA7D05319D51B24002CEA99 /* Project object */ = {
			isa = PBXProject;
			attributes = {
				LastUpgradeCheck = 0600;
				ORGANIZATIONNAME = execlsg.com;
				TargetAttributes = {
					BEA7D05A19D51B24002CEA99 = {
						CreatedOnToolsVersion = 6.0;
					};
					BEA7D06C19D51B25002CEA99 = {
						CreatedOnToolsVersion = 6.0;
						TestTargetID = BEA7D05A19D51B24002CEA99;
					};
				};
			};
			buildConfigurationList = BEA7D05619D51B24002CEA99 /* Build configuration list for PBXProject "Postcard" */;
			compatibilityVersion = "Xcode 3.2";
			developmentRegion = English;
			hasScannedForEncodings = 0;
			knownRegions = (
				en,
				Base,
			);
			mainGroup = BEA7D05219D51B24002CEA99;
			productRefGroup = BEA7D05C19D51B24002CEA99 /* Products */;
			projectDirPath = "";
			projectRoot = "";
			targets = (
				BEA7D05A19D51B24002CEA99 /* Postcard */,
				BEA7D06C19D51B25002CEA99 /* PostcardTests */,
			);
		};
/* End PBXProject section */

/* Begin PBXResourcesBuildPhase section */
		BEA7D05919D51B24002CEA99 /* Resources */ = {
			isa = PBXResourcesBuildPhase;
			buildActionMask = 2147483647;
			files = (
				BEA7D06619D51B25002CEA99 /* Main.storyboard in Resources */,
				BEA7D08019D521C6002CEA99 /* SagradaFamilia.jpeg in Resources */,
				BEA7D07F19D521C6002CEA99 /* AlbertEinsteinStamp.jpg in Resources */,
				BEA7D06819D51B25002CEA99 /* Images.xcassets in Resources */,
			);
			runOnlyForDeploymentPostprocessing = 0;
		};
		BEA7D06B19D51B25002CEA99 /* Resources */ = {
			isa = PBXResourcesBuildPhase;
			buildActionMask = 2147483647;
			files = (
			);
			runOnlyForDeploymentPostprocessing = 0;
		};
/* End PBXResourcesBuildPhase section */

/* Begin PBXSourcesBuildPhase section */
		BEA7D05719D51B24002CEA99 /* Sources */ = {
			isa = PBXSourcesBuildPhase;
			buildActionMask = 2147483647;
			files = (
				BEA7D06319D51B24002CEA99 /* ViewController.swift in Sources */,
				BEA7D06119D51B24002CEA99 /* AppDelegate.swift in Sources */,
			);
			runOnlyForDeploymentPostprocessing = 0;
		};
		BEA7D06919D51B25002CEA99 /* Sources */ = {
			isa = PBXSourcesBuildPhase;
			buildActionMask = 2147483647;
			files = (
				BEA7D07419D51B25002CEA99 /* PostcardTests.swift in Sources */,
			);
			runOnlyForDeploymentPostprocessing = 0;
		};
/* End PBXSourcesBuildPhase section */

/* Begin PBXTargetDependency section */
		BEA7D06F19D51B25002CEA99 /* PBXTargetDependency */ = {
			isa = PBXTargetDependency;
			target = BEA7D05A19D51B24002CEA99 /* Postcard */;
			targetProxy = BEA7D06E19D51B25002CEA99 /* PBXContainerItemProxy */;
		};
/* End PBXTargetDependency section */

/* Begin PBXVariantGroup section */
		BEA7D06419D51B25002CEA99 /* Main.storyboard */ = {
			isa = PBXVariantGroup;
			children = (
				BEA7D06519D51B25002CEA99 /* Base */,
			);
			name = Main.storyboard;
			sourceTree = "<group>";
		};
/* End PBXVariantGroup section */

/* Begin XCBuildConfiguration section */
		BEA7D07519D51B25002CEA99 /* Debug */ = {
			isa = XCBuildConfiguration;
			buildSettings = {
				ALWAYS_SEARCH_USER_PATHS = NO;
				CLANG_CXX_LANGUAGE_STANDARD = "gnu++0x";
				CLANG_CXX_LIBRARY = "libc++";
				CLANG_ENABLE_MODULES = YES;
				CLANG_ENABLE_OBJC_ARC = YES;
				CLANG_WARN_BOOL_CONVERSION = YES;
				CLANG_WARN_CONSTANT_CONVERSION = YES;
				CLANG_WARN_DIRECT_OBJC_ISA_USAGE = YES_ERROR;
				CLANG_WARN_EMPTY_BODY = YES;
				CLANG_WARN_ENUM_CONVERSION = YES;
				CLANG_WARN_INT_CONVERSION = YES;
				CLANG_WARN_OBJC_ROOT_CLASS = YES_ERROR;
				CLANG_WARN_UNREACHABLE_CODE = YES;
				CLANG_WARN__DUPLICATE_METHOD_MATCH = YES;
				"CODE_SIGN_IDENTITY[sdk=iphoneos*]" = "iPhone Developer";
				COPY_PHASE_STRIP = NO;
				ENABLE_STRICT_OBJC_MSGSEND = YES;
				GCC_C_LANGUAGE_STANDARD = gnu99;
				GCC_DYNAMIC_NO_PIC = NO;
				GCC_OPTIMIZATION_LEVEL = 0;
				GCC_PREPROCESSOR_DEFINITIONS = (
					"DEBUG=1",
					"$(inherited)",
				);
				GCC_SYMBOLS_PRIVATE_EXTERN = NO;
				GCC_WARN_64_TO_32_BIT_CONVERSION = YES;
				GCC_WARN_ABOUT_RETURN_TYPE = YES_ERROR;
				GCC_WARN_UNDECLARED_SELECTOR = YES;
				GCC_WARN_UNINITIALIZED_AUTOS = YES_AGGRESSIVE;
				GCC_WARN_UNUSED_FUNCTION = YES;
				GCC_WARN_UNUSED_VARIABLE = YES;
				IPHONEOS_DEPLOYMENT_TARGET = 8.0;
				MTL_ENABLE_DEBUG_INFO = YES;
				ONLY_ACTIVE_ARCH = YES;
				SDKROOT = iphoneos;
				SWIFT_OPTIMIZATION_LEVEL = "-Onone";
			};
			name = Debug;
		};
		BEA7D07619D51B25002CEA99 /* Release */ = {
			isa = XCBuildConfiguration;
			buildSettings = {
				ALWAYS_SEARCH_USER_PATHS = NO;
				CLANG_CXX_LANGUAGE_STANDARD = "gnu++0x";
				CLANG_CXX_LIBRARY = "libc++";
				CLANG_ENABLE_MODULES = YES;
				CLANG_ENABLE_OBJC_ARC = YES;
				CLANG_WARN_BOOL_CONVERSION = YES;
				CLANG_WARN_CONSTANT_CONVERSION = YES;
				CLANG_WARN_DIRECT_OBJC_ISA_USAGE = YES_ERROR;
				CLANG_WARN_EMPTY_BODY = YES;
				CLANG_WARN_ENUM_CONVERSION = YES;
				CLANG_WARN_INT_CONVERSION = YES;
				CLANG_WARN_OBJC_ROOT_CLASS = YES_ERROR;
				CLANG_WARN_UNREACHABLE_CODE = YES;
				CLANG_WARN__DUPLICATE_METHOD_MATCH = YES;
				"CODE_SIGN_IDENTITY[sdk=iphoneos*]" = "iPhone Developer";
				COPY_PHASE_STRIP = YES;
				ENABLE_NS_ASSERTIONS = NO;
				ENABLE_STRICT_OBJC_MSGSEND = YES;
				GCC_C_LANGUAGE_STANDARD = gnu99;
				GCC_WARN_64_TO_32_BIT_CONVERSION = YES;
				GCC_WARN_ABOUT_RETURN_TYPE = YES_ERROR;
				GCC_WARN_UNDECLARED_SELECTOR = YES;
				GCC_WARN_UNINITIALIZED_AUTOS = YES_AGGRESSIVE;
				GCC_WARN_UNUSED_FUNCTION = YES;
				GCC_WARN_UNUSED_VARIABLE = YES;
				IPHONEOS_DEPLOYMENT_TARGET = 8.0;
				MTL_ENABLE_DEBUG_INFO = NO;
				SDKROOT = iphoneos;
				VALIDATE_PRODUCT = YES;
			};
			name = Release;
		};
		BEA7D07819D51B25002CEA99 /* Debug */ = {
			isa = XCBuildConfiguration;
			buildSettings = {
				ASSETCATALOG_COMPILER_APPICON_NAME = AppIcon;
				ASSETCATALOG_COMPILER_LAUNCHIMAGE_NAME = LaunchImage;
				INFOPLIST_FILE = Postcard/Info.plist;
				LD_RUNPATH_SEARCH_PATHS = "$(inherited) @executable_path/Frameworks";
				PRODUCT_NAME = "$(TARGET_NAME)";
			};
			name = Debug;
		};
		BEA7D07919D51B25002CEA99 /* Release */ = {
			isa = XCBuildConfiguration;
			buildSettings = {
				ASSETCATALOG_COMPILER_APPICON_NAME = AppIcon;
				ASSETCATALOG_COMPILER_LAUNCHIMAGE_NAME = LaunchImage;
				INFOPLIST_FILE = Postcard/Info.plist;
				LD_RUNPATH_SEARCH_PATHS = "$(inherited) @executable_path/Frameworks";
				PRODUCT_NAME = "$(TARGET_NAME)";
			};
			name = Release;
		};
		BEA7D07B19D51B25002CEA99 /* Debug */ = {
			isa = XCBuildConfiguration;
			buildSettings = {
				BUNDLE_LOADER = "$(TEST_HOST)";
				FRAMEWORK_SEARCH_PATHS = (
					"$(SDKROOT)/Developer/Library/Frameworks",
					"$(inherited)",
				);
				GCC_PREPROCESSOR_DEFINITIONS = (
					"DEBUG=1",
					"$(inherited)",
				);
				INFOPLIST_FILE = PostcardTests/Info.plist;
				LD_RUNPATH_SEARCH_PATHS = "$(inherited) @executable_path/Frameworks @loader_path/Frameworks";
				PRODUCT_NAME = "$(TARGET_NAME)";
				TEST_HOST = "$(BUILT_PRODUCTS_DIR)/Postcard.app/Postcard";
			};
			name = Debug;
		};
		BEA7D07C19D51B25002CEA99 /* Release */ = {
			isa = XCBuildConfiguration;
			buildSettings = {
				BUNDLE_LOADER = "$(TEST_HOST)";
				FRAMEWORK_SEARCH_PATHS = (
					"$(SDKROOT)/Developer/Library/Frameworks",
					"$(inherited)",
				);
				INFOPLIST_FILE = PostcardTests/Info.plist;
				LD_RUNPATH_SEARCH_PATHS = "$(inherited) @executable_path/Frameworks @loader_path/Frameworks";
				PRODUCT_NAME = "$(TARGET_NAME)";
				TEST_HOST = "$(BUILT_PRODUCTS_DIR)/Postcard.app/Postcard";
			};
			name = Release;
		};
/* End XCBuildConfiguration section */

/* Begin XCConfigurationList section */
		BEA7D05619D51B24002CEA99 /* Build configuration list for PBXProject "Postcard" */ = {
			isa = XCConfigurationList;
			buildConfigurations = (
				BEA7D07519D51B25002CEA99 /* Debug */,
				BEA7D07619D51B25002CEA99 /* Release */,
			);
			defaultConfigurationIsVisible = 0;
			defaultConfigurationName = Release;
		};
		BEA7D07719D51B25002CEA99 /* Build configuration list for PBXNativeTarget "Postcard" */ = {
			isa = XCConfigurationList;
			buildConfigurations = (
				BEA7D07819D51B25002CEA99 /* Debug */,
				BEA7D07919D51B25002CEA99 /* Release */,
			);
			defaultConfigurationIsVisible = 0;
		};
		BEA7D07A19D51B25002CEA99 /* Build configuration list for PBXNativeTarget "PostcardTests" */ = {
			isa = XCConfigurationList;
			buildConfigurations = (
				BEA7D07B19D51B25002CEA99 /* Debug */,
				BEA7D07C19D51B25002CEA99 /* Release */,
			);
			defaultConfigurationIsVisible = 0;
		};
/* End XCConfigurationList section */
	};
	rootObject = BEA7D05319D51B24002CEA99 /* Project object */;
}
